
Microsoft Visual Studio Solution File, Format Version 12.00
# Visual Studio Version 16
VisualStudioVersion = 16.0.30907.101
MinimumVisualStudioVersion = 10.0.40219.1
Project("{9A19103F-16F7-4668-BE54-9A1E7A4F7556}") = "GmailCleanup", "src\GmailCleanup.csproj", "{046DD3BB-9C04-4ABF-BD69-B9729EE4A4C1}"
EndProject
Project("{FAE04EC0-301F-11D3-BF4B-00C04F79EFBC}") = "winland.GmailCleanup.Tests", "winland.GmailCleanup.Tests\winland.GmailCleanup.Tests.csproj", "{45B2E5CA-A55C-4BF6-8901-F79C42BB51B8}"
EndProject
Global
	GlobalSection(SolutionConfigurationPlatforms) = preSolution
		Debug|Any CPU = Debug|Any CPU
		Release|Any CPU = Release|Any CPU
	EndGlobalSection
	GlobalSection(ProjectConfigurationPlatforms) = postSolution
		{046DD3BB-9C04-4ABF-BD69-B9729EE4A4C1}.Debug|Any CPU.ActiveCfg = Debug|Any CPU
		{046DD3BB-9C04-4ABF-BD69-B9729EE4A4C1}.Debug|Any CPU.Build.0 = Debug|Any CPU
		{046DD3BB-9C04-4ABF-BD69-B9729EE4A4C1}.Release|Any CPU.ActiveCfg = Release|Any CPU
		{046DD3BB-9C04-4ABF-BD69-B9729EE4A4C1}.Release|Any CPU.Build.0 = Release|Any CPU
		{45B2E5CA-A55C-4BF6-8901-F79C42BB51B8}.Debug|Any CPU.ActiveCfg = Debug|Any CPU
		{45B2E5CA-A55C-4BF6-8901-F79C42BB51B8}.Debug|Any CPU.Build.0 = Debug|Any CPU
		{45B2E5CA-A55C-4BF6-8901-F79C42BB51B8}.Release|Any CPU.ActiveCfg = Release|Any CPU
		{45B2E5CA-A55C-4BF6-8901-F79C42BB51B8}.Release|Any CPU.Build.0 = Release|Any CPU
	EndGlobalSection
	GlobalSection(SolutionProperties) = preSolution
		HideSolutionNode = FALSE
	EndGlobalSection
	GlobalSection(ExtensibilityGlobals) = postSolution
		SolutionGuid = {34354300-C7FE-45B7-9085-4E09E34B9227}
	EndGlobalSection
EndGlobal
